{
  "name": "Booksforall",
  "lockfileVersion": 3,
  "requires": true,
  "packages": {
    "": {
      "dependencies": {
        "posthog-js": "^1.67.1"
      }
    },
    "node_modules/fflate": {
      "version": "0.4.8",
      "resolved": "https://registry.npmjs.org/fflate/-/fflate-0.4.8.tgz",
      "integrity": "sha512-FJqqoDBR00Mdj9ppamLa/Y7vxm+PRmNWA67N846RvsoYVMKB4q3y/de5PA7gUmRMYK/8CMz2GDZQmCRN1wBcWA=="
    },
    "node_modules/posthog-js": {
      "version": "1.67.1",
      "resolved": "https://registry.npmjs.org/posthog-js/-/posthog-js-1.67.1.tgz",
      "integrity": "sha512-gvdCVrrxoRYbtNTCUt2/YdZ+tfSfzcl72ym/dtRVCYJpwlCUIKnNJ3E2g7Bbw1+Ki6CvGxdu9r7jHIWnvJAMuw==",
      "dependencies": {
        "fflate": "^0.4.1"
      }
    }
  }
}
